
Microsoft Visual Studio Solution File, Format Version 12.00
# Visual Studio 15
VisualStudioVersion = 15.0.27703.2026
MinimumVisualStudioVersion = 10.0.40219.1
Project("{FAE04EC0-301F-11D3-BF4B-00C04F79EFBC}") = "WebApplication1", "WebApplication1\WebApplication1.csproj", "{8B2621EE-0B4C-4159-BE2F-8F02BF335400}"
EndProject
Project("{00D1A9C2-B5F0-4AF3-8072-F6C62B433612}") = "WebAppDatabase", "WebAppDatabase\WebAppDatabase.sqlproj", "{3004D788-9FD4-41AB-9151-79821981B27C}"
EndProject
Global
	GlobalSection(SolutionConfigurationPlatforms) = preSolution
		Debug|Any CPU = Debug|Any CPU
		Release|Any CPU = Release|Any CPU
	EndGlobalSection
	GlobalSection(ProjectConfigurationPlatforms) = postSolution
		{8B2621EE-0B4C-4159-BE2F-8F02BF335400}.Debug|Any CPU.ActiveCfg = Debug|Any CPU
		{8B2621EE-0B4C-4159-BE2F-8F02BF335400}.Debug|Any CPU.Build.0 = Debug|Any CPU
		{8B2621EE-0B4C-4159-BE2F-8F02BF335400}.Release|Any CPU.ActiveCfg = Release|Any CPU
		{8B2621EE-0B4C-4159-BE2F-8F02BF335400}.Release|Any CPU.Build.0 = Release|Any CPU
		{3004D788-9FD4-41AB-9151-79821981B27C}.Debug|Any CPU.ActiveCfg = Debug|Any CPU
		{3004D788-9FD4-41AB-9151-79821981B27C}.Debug|Any CPU.Build.0 = Debug|Any CPU
		{3004D788-9FD4-41AB-9151-79821981B27C}.Debug|Any CPU.Deploy.0 = Debug|Any CPU
		{3004D788-9FD4-41AB-9151-79821981B27C}.Release|Any CPU.ActiveCfg = Release|Any CPU
		{3004D788-9FD4-41AB-9151-79821981B27C}.Release|Any CPU.Build.0 = Release|Any CPU
		{3004D788-9FD4-41AB-9151-79821981B27C}.Release|Any CPU.Deploy.0 = Release|Any CPU
	EndGlobalSection
	GlobalSection(SolutionProperties) = preSolution
		HideSolutionNode = FALSE
	EndGlobalSection
	GlobalSection(ExtensibilityGlobals) = postSolution
		SolutionGuid = {C1F68409-068D-4FF2-865D-AFC577735C5D}
	EndGlobalSection
EndGlobal
